
Microsoft Visual Studio Solution File, Format Version 12.00
# Visual Studio Version 17
VisualStudioVersion = 17.14.37012.4 d17.14
MinimumVisualStudioVersion = 10.0.40219.1
Project("{FAE04EC0-301F-11D3-BF4B-00C04F79EFBC}") = "CLDV_ECM_RetailApp", "CLDV_ECM_RetailApp\CLDV_ECM_RetailApp.csproj", "{87E6496A-8A41-4905-8677-620D0B6A9DEC}"
EndProject
Global
	GlobalSection(SolutionConfigurationPlatforms) = preSolution
		Debug|Any CPU = Debug|Any CPU
		Release|Any CPU = Release|Any CPU
	EndGlobalSection
	GlobalSection(ProjectConfigurationPlatforms) = postSolution
		{87E6496A-8A41-4905-8677-620D0B6A9DEC}.Debug|Any CPU.ActiveCfg = Debug|Any CPU
		{87E6496A-8A41-4905-8677-620D0B6A9DEC}.Debug|Any CPU.Build.0 = Debug|Any CPU
		{87E6496A-8A41-4905-8677-620D0B6A9DEC}.Release|Any CPU.ActiveCfg = Release|Any CPU
		{87E6496A-8A41-4905-8677-620D0B6A9DEC}.Release|Any CPU.Build.0 = Release|Any CPU
	EndGlobalSection
	GlobalSection(SolutionProperties) = preSolution
		HideSolutionNode = FALSE
	EndGlobalSection
	GlobalSection(ExtensibilityGlobals) = postSolution
		SolutionGuid = {48AFE650-698F-4BA3-A029-0CB45A10501E}
	EndGlobalSection
EndGlobal
